PODS:
  - Alamofire (4.7.3)
  - Cuckoo (0.11.3)
  - RxAlamofire (4.2.0):
    - RxAlamofire/Core (= 4.2.0)
  - RxAlamofire/Core (4.2.0):
    - Alamofire (~> 4.5)
    - RxSwift (~> 4)
  - RxBlocking (4.0.0):
    - RxSwift (~> 4.0)
  - RxCocoa (4.0.0):
    - RxSwift (~> 4.0)
  - RxSwift (4.0.0)
  - RxTest (4.0.0):
    - RxSwift (~> 4.0)

DEPENDENCIES:
  - Cuckoo
  - RxAlamofire (= 4.2.0)
  - RxBlocking (= 4.0.0)
  - RxCocoa (from `https://github.com/ReactiveX/RxSwift.git`, commit `a1e6be8`)
  - RxSwift (= 4.0.0)
  - RxTest (= 4.0.0)

SPEC REPOS:
  https://github.com/cocoapods/specs.git:
    - Alamofire
    - Cuckoo
    - RxAlamofire
    - RxBlocking
    - RxSwift
    - RxTest

EXTERNAL SOURCES:
  RxCocoa:
    :commit: a1e6be8
    :git: https://github.com/ReactiveX/RxSwift.git

CHECKOUT OPTIONS:
  RxCocoa:
    :commit: a1e6be8
    :git: https://github.com/ReactiveX/RxSwift.git

SPEC CHECKSUMS:
  Alamofire: c7287b6e5d7da964a70935e5db17046b7fde6568
  Cuckoo: 97522dd7ac6f18adba6022bdc74aa69e82ca691a
  RxAlamofire: 87a9c588541210cc3e4a1f843ccc3ecf3eb98b31
  RxBlocking: 923c2c8106d80d7c2d6b276afd66ce3b10824836
  RxCocoa: 36c5f6bf8c6d4ab5512f1d54d5c86a1cc1456e0a
  RxSwift: fd680d75283beb5e2559486f3c0ff852f0d35334
  RxTest: 0041e792cede35e53e4749f378d21482af0e9d12

PODFILE CHECKSUM: 5da747a19c0ceab1da7a20dd8d41159b847a5584

COCOAPODS: 1.5.3
